{
  "object": {
    "pins": [
      {
        "package": "swift-package-abc",
        "repositoryURL": "https://github.com/MarcoEidinger/swift-package-abc",
        "state": {
          "branch": null,
          "revision": "1cf63f159d6e56425c39ad721c1dc1c6cb89d619",
          "version": "2.0.0"
        }
      }
    ]
  },
  "version": 1
}
